
Microsoft Visual Studio Solution File, Format Version 12.00
# Visual Studio Version 17
VisualStudioVersion = 17.7.34031.279
MinimumVisualStudioVersion = 10.0.40219.1
Project("{2150E333-8FDC-42A3-9474-1A3956D46DE8}") = "src", "src", "{A0B84B82-C0D7-4A31-BB82-70574861E6E3}"
EndProject
Project("{2150E333-8FDC-42A3-9474-1A3956D46DE8}") = "tst", "tst", "{4717C1F5-B4F3-40CA-8E64-5F97D8D05BFA}"
EndProject
Project("{2150E333-8FDC-42A3-9474-1A3956D46DE8}") = "core", "core", "{9D1E0A18-E667-44FD-A1EC-F12F9E0A2FCF}"
EndProject
Project("{2150E333-8FDC-42A3-9474-1A3956D46DE8}") = "infrastructure", "infrastructure", "{A9E61D4B-B421-40FD-9BE1-74C4A3A80312}"
EndProject
Project("{2150E333-8FDC-42A3-9474-1A3956D46DE8}") = "presentation", "presentation", "{E76750F6-3F9D-4E3D-B4BD-FBDD5063751A}"
EndProject
Project("{FAE04EC0-301F-11D3-BF4B-00C04F79EFBC}") = "zs.nn.NoshNavigatorServices.Application", "src\core\zs.nn.NoshNavigatorServices.Application\zs.nn.NoshNavigatorServices.Application.csproj", "{5C79C938-8726-4A64-A5A8-78BBE605078F}"
EndProject
Project("{FAE04EC0-301F-11D3-BF4B-00C04F79EFBC}") = "zs.nn.NoshNavigatorServices.Domain", "src\core\zs.nn.NoshNavigatorServices.Domain\zs.nn.NoshNavigatorServices.Domain.csproj", "{C653E678-51BF-46ED-9405-4E05227D4B0F}"
EndProject
Project("{FAE04EC0-301F-11D3-BF4B-00C04F79EFBC}") = "zs.nn.NoshNavigatorServices.Events", "src\core\zs.nn.NoshNavigatorServices.Events\zs.nn.NoshNavigatorServices.Events.csproj", "{C11E9819-A5BF-466C-9840-1BB2C6DB6A4B}"
EndProject
Project("{FAE04EC0-301F-11D3-BF4B-00C04F79EFBC}") = "zs.nn.NoshNavigatorServices.Infrastructure", "src\infrastructure\zs.nn.NoshNavigatorServices.Infrastructure\zs.nn.NoshNavigatorServices.Infrastructure.csproj", "{952E8A2C-6E84-4219-83FB-E735AB9D6195}"
EndProject
Project("{FAE04EC0-301F-11D3-BF4B-00C04F79EFBC}") = "zs.nn.NoshNavigatorServices.Presentation.RestApi", "src\presentation\zs.nn.NoshNavigatorServices.Presentation.RestApi\zs.nn.NoshNavigatorServices.Presentation.RestApi.csproj", "{517771DE-54B4-4BA2-BD6F-37B9B6211132}"
EndProject
Project("{FAE04EC0-301F-11D3-BF4B-00C04F79EFBC}") = "zs.nn.NoshNavigatorServices.Persistence.MsSql", "src\infrastructure\zs.nn.NoshNavigatorServices.Persistence.MsSql\zs.nn.NoshNavigatorServices.Persistence.MsSql.csproj", "{0A111831-D26D-4D01-8C10-7E3D9923D569}"
EndProject
Global
	GlobalSection(SolutionConfigurationPlatforms) = preSolution
		Debug|Any CPU = Debug|Any CPU
		Release|Any CPU = Release|Any CPU
	EndGlobalSection
	GlobalSection(ProjectConfigurationPlatforms) = postSolution
		{5C79C938-8726-4A64-A5A8-78BBE605078F}.Debug|Any CPU.ActiveCfg = Debug|Any CPU
		{5C79C938-8726-4A64-A5A8-78BBE605078F}.Debug|Any CPU.Build.0 = Debug|Any CPU
		{5C79C938-8726-4A64-A5A8-78BBE605078F}.Release|Any CPU.ActiveCfg = Release|Any CPU
		{5C79C938-8726-4A64-A5A8-78BBE605078F}.Release|Any CPU.Build.0 = Release|Any CPU
		{C653E678-51BF-46ED-9405-4E05227D4B0F}.Debug|Any CPU.ActiveCfg = Debug|Any CPU
		{C653E678-51BF-46ED-9405-4E05227D4B0F}.Debug|Any CPU.Build.0 = Debug|Any CPU
		{C653E678-51BF-46ED-9405-4E05227D4B0F}.Release|Any CPU.ActiveCfg = Release|Any CPU
		{C653E678-51BF-46ED-9405-4E05227D4B0F}.Release|Any CPU.Build.0 = Release|Any CPU
		{C11E9819-A5BF-466C-9840-1BB2C6DB6A4B}.Debug|Any CPU.ActiveCfg = Debug|Any CPU
		{C11E9819-A5BF-466C-9840-1BB2C6DB6A4B}.Debug|Any CPU.Build.0 = Debug|Any CPU
		{C11E9819-A5BF-466C-9840-1BB2C6DB6A4B}.Release|Any CPU.ActiveCfg = Release|Any CPU
		{C11E9819-A5BF-466C-9840-1BB2C6DB6A4B}.Release|Any CPU.Build.0 = Release|Any CPU
		{952E8A2C-6E84-4219-83FB-E735AB9D6195}.Debug|Any CPU.ActiveCfg = Debug|Any CPU
		{952E8A2C-6E84-4219-83FB-E735AB9D6195}.Debug|Any CPU.Build.0 = Debug|Any CPU
		{952E8A2C-6E84-4219-83FB-E735AB9D6195}.Release|Any CPU.ActiveCfg = Release|Any CPU
		{952E8A2C-6E84-4219-83FB-E735AB9D6195}.Release|Any CPU.Build.0 = Release|Any CPU
		{517771DE-54B4-4BA2-BD6F-37B9B6211132}.Debug|Any CPU.ActiveCfg = Debug|Any CPU
		{517771DE-54B4-4BA2-BD6F-37B9B6211132}.Debug|Any CPU.Build.0 = Debug|Any CPU
		{517771DE-54B4-4BA2-BD6F-37B9B6211132}.Release|Any CPU.ActiveCfg = Release|Any CPU
		{517771DE-54B4-4BA2-BD6F-37B9B6211132}.Release|Any CPU.Build.0 = Release|Any CPU
		{0A111831-D26D-4D01-8C10-7E3D9923D569}.Debug|Any CPU.ActiveCfg = Debug|Any CPU
		{0A111831-D26D-4D01-8C10-7E3D9923D569}.Debug|Any CPU.Build.0 = Debug|Any CPU
		{0A111831-D26D-4D01-8C10-7E3D9923D569}.Release|Any CPU.ActiveCfg = Release|Any CPU
		{0A111831-D26D-4D01-8C10-7E3D9923D569}.Release|Any CPU.Build.0 = Release|Any CPU
	EndGlobalSection
	GlobalSection(SolutionProperties) = preSolution
		HideSolutionNode = FALSE
	EndGlobalSection
	GlobalSection(NestedProjects) = preSolution
		{9D1E0A18-E667-44FD-A1EC-F12F9E0A2FCF} = {A0B84B82-C0D7-4A31-BB82-70574861E6E3}
		{A9E61D4B-B421-40FD-9BE1-74C4A3A80312} = {A0B84B82-C0D7-4A31-BB82-70574861E6E3}
		{E76750F6-3F9D-4E3D-B4BD-FBDD5063751A} = {A0B84B82-C0D7-4A31-BB82-70574861E6E3}
		{5C79C938-8726-4A64-A5A8-78BBE605078F} = {9D1E0A18-E667-44FD-A1EC-F12F9E0A2FCF}
		{C653E678-51BF-46ED-9405-4E05227D4B0F} = {9D1E0A18-E667-44FD-A1EC-F12F9E0A2FCF}
		{C11E9819-A5BF-466C-9840-1BB2C6DB6A4B} = {9D1E0A18-E667-44FD-A1EC-F12F9E0A2FCF}
		{952E8A2C-6E84-4219-83FB-E735AB9D6195} = {A9E61D4B-B421-40FD-9BE1-74C4A3A80312}
		{517771DE-54B4-4BA2-BD6F-37B9B6211132} = {E76750F6-3F9D-4E3D-B4BD-FBDD5063751A}
		{0A111831-D26D-4D01-8C10-7E3D9923D569} = {A9E61D4B-B421-40FD-9BE1-74C4A3A80312}
	EndGlobalSection
	GlobalSection(ExtensibilityGlobals) = postSolution
		SolutionGuid = {302E53CA-5AEB-44E6-951D-70F82E6C4350}
	EndGlobalSection
EndGlobal
